
Microsoft Visual Studio Solution File, Format Version 12.00
# Visual Studio Version 17
VisualStudioVersion = 17.1.32210.238
MinimumVisualStudioVersion = 10.0.40219.1
Project("{9A19103F-16F7-4668-BE54-9A1E7A4F7556}") = "EventTracker", "EventTracker\EventTracker.csproj", "{D308E924-309E-4934-8F94-617866325609}"
EndProject
Project("{9A19103F-16F7-4668-BE54-9A1E7A4F7556}") = "EventTracker.DAL", "EventTracker.DAL\EventTracker.DAL.csproj", "{6528C69E-8594-4BFC-8A9E-AC38BFF08D24}"
EndProject
Project("{9A19103F-16F7-4668-BE54-9A1E7A4F7556}") = "EventTracker.BLL", "EventTracker.BLL\EventTracker.BLL.csproj", "{DB9FF931-E852-434A-B137-5E3875A0EF55}"
EndProject
Project("{9A19103F-16F7-4668-BE54-9A1E7A4F7556}") = "EventTracker.DTO", "EventTracker.DTO\EventTracker.DTO.csproj", "{F894B035-AA1C-438B-828B-F078AD43BE46}"
EndProject
Project("{9A19103F-16F7-4668-BE54-9A1E7A4F7556}") = "IdentityProvider", "IdentityProvider\IdentityProvider.csproj", "{05E0EAFF-D5BD-40E5-9B00-8C71DD618F99}"
EndProject
Project("{9A19103F-16F7-4668-BE54-9A1E7A4F7556}") = "APIGateway", "APIGateway\APIGateway.csproj", "{82D56621-C0F8-46D2-8DC6-20CFC18BF20A}"
EndProject
Project("{9A19103F-16F7-4668-BE54-9A1E7A4F7556}") = "EventTrackerBlog.WebAPI", "EventTrackerBlog.WebAPI\EventTrackerBlog.WebAPI.csproj", "{D960C7AF-6E5C-4112-BCF3-ED7848B9D97C}"
EndProject
<<<<<<< HEAD
Project("{9A19103F-16F7-4668-BE54-9A1E7A4F7556}") = "EventTrackerBlog.BLL", "EventTrackerBlog.BLL\EventTrackerBlog.BLL.csproj", "{08175BC2-075F-452B-B9E7-F04BA50D393A}"
EndProject
Project("{9A19103F-16F7-4668-BE54-9A1E7A4F7556}") = "EventTrackerBlog.DAL", "EventTrackerBlog.DAL\EventTrackerBlog.DAL.csproj", "{EE27FC94-2FA3-4842-9A4C-678B759AE17F}"
EndProject
Project("{2150E333-8FDC-42A3-9474-1A3956D46DE8}") = "EventTrackerBlog", "EventTrackerBlog", "{2753AE3F-0D4E-4C86-8B9F-0A01EA44EA97}"
EndProject
Project("{2150E333-8FDC-42A3-9474-1A3956D46DE8}") = "Tests", "Tests", "{4BD3EFDE-F677-40E3-960C-AF2C762BB210}"
EndProject
Project("{FAE04EC0-301F-11D3-BF4B-00C04F79EFBC}") = "EventTracker.BLL.UnitTests", "EventTracker.BLL.UnitTests\EventTracker.BLL.UnitTests.csproj", "{E48B24A5-6CAF-4F93-97E2-788704BB86B4}"
=======
Project("{2150E333-8FDC-42A3-9474-1A3956D46DE8}") = "EventTrackerBlog", "EventTrackerBlog", "{2753AE3F-0D4E-4C86-8B9F-0A01EA44EA97}"
EndProject
Project("{9A19103F-16F7-4668-BE54-9A1E7A4F7556}") = "EventTrackerBlog.Domain", "EventTrackerBlog.Application\EventTrackerBlog.Domain.csproj", "{24B68DE0-A229-4AF2-B18E-6B05500BB1CE}"
EndProject
Project("{9A19103F-16F7-4668-BE54-9A1E7A4F7556}") = "EventTrackerBlog.Data", "EventTrackerBlog.Domain\EventTrackerBlog.Data.csproj", "{DDC98B5D-CD25-49FE-B089-9E32E81D87EC}"
EndProject
Project("{2150E333-8FDC-42A3-9474-1A3956D46DE8}") = "Shared", "Shared", "{3ABE7563-4185-4D14-891F-81354441F321}"
EndProject
Project("{FAE04EC0-301F-11D3-BF4B-00C04F79EFBC}") = "ExceptionHandling", "ExceptionHandling\ExceptionHandling.csproj", "{FE99BBA7-B531-452D-A4EA-1C6D6093F674}"
>>>>>>> develop
EndProject
Global
	GlobalSection(SolutionConfigurationPlatforms) = preSolution
		Debug|Any CPU = Debug|Any CPU
		Release|Any CPU = Release|Any CPU
	EndGlobalSection
	GlobalSection(ProjectConfigurationPlatforms) = postSolution
		{D308E924-309E-4934-8F94-617866325609}.Debug|Any CPU.ActiveCfg = Debug|Any CPU
		{D308E924-309E-4934-8F94-617866325609}.Debug|Any CPU.Build.0 = Debug|Any CPU
		{D308E924-309E-4934-8F94-617866325609}.Release|Any CPU.ActiveCfg = Release|Any CPU
		{D308E924-309E-4934-8F94-617866325609}.Release|Any CPU.Build.0 = Release|Any CPU
		{6528C69E-8594-4BFC-8A9E-AC38BFF08D24}.Debug|Any CPU.ActiveCfg = Debug|Any CPU
		{6528C69E-8594-4BFC-8A9E-AC38BFF08D24}.Debug|Any CPU.Build.0 = Debug|Any CPU
		{6528C69E-8594-4BFC-8A9E-AC38BFF08D24}.Release|Any CPU.ActiveCfg = Release|Any CPU
		{6528C69E-8594-4BFC-8A9E-AC38BFF08D24}.Release|Any CPU.Build.0 = Release|Any CPU
		{DB9FF931-E852-434A-B137-5E3875A0EF55}.Debug|Any CPU.ActiveCfg = Debug|Any CPU
		{DB9FF931-E852-434A-B137-5E3875A0EF55}.Debug|Any CPU.Build.0 = Debug|Any CPU
		{DB9FF931-E852-434A-B137-5E3875A0EF55}.Release|Any CPU.ActiveCfg = Release|Any CPU
		{DB9FF931-E852-434A-B137-5E3875A0EF55}.Release|Any CPU.Build.0 = Release|Any CPU
		{F894B035-AA1C-438B-828B-F078AD43BE46}.Debug|Any CPU.ActiveCfg = Debug|Any CPU
		{F894B035-AA1C-438B-828B-F078AD43BE46}.Debug|Any CPU.Build.0 = Debug|Any CPU
		{F894B035-AA1C-438B-828B-F078AD43BE46}.Release|Any CPU.ActiveCfg = Release|Any CPU
		{F894B035-AA1C-438B-828B-F078AD43BE46}.Release|Any CPU.Build.0 = Release|Any CPU
		{05E0EAFF-D5BD-40E5-9B00-8C71DD618F99}.Debug|Any CPU.ActiveCfg = Debug|Any CPU
		{05E0EAFF-D5BD-40E5-9B00-8C71DD618F99}.Debug|Any CPU.Build.0 = Debug|Any CPU
		{05E0EAFF-D5BD-40E5-9B00-8C71DD618F99}.Release|Any CPU.ActiveCfg = Release|Any CPU
		{05E0EAFF-D5BD-40E5-9B00-8C71DD618F99}.Release|Any CPU.Build.0 = Release|Any CPU
		{82D56621-C0F8-46D2-8DC6-20CFC18BF20A}.Debug|Any CPU.ActiveCfg = Debug|Any CPU
		{82D56621-C0F8-46D2-8DC6-20CFC18BF20A}.Debug|Any CPU.Build.0 = Debug|Any CPU
		{82D56621-C0F8-46D2-8DC6-20CFC18BF20A}.Release|Any CPU.ActiveCfg = Release|Any CPU
		{82D56621-C0F8-46D2-8DC6-20CFC18BF20A}.Release|Any CPU.Build.0 = Release|Any CPU
		{D960C7AF-6E5C-4112-BCF3-ED7848B9D97C}.Debug|Any CPU.ActiveCfg = Debug|Any CPU
		{D960C7AF-6E5C-4112-BCF3-ED7848B9D97C}.Debug|Any CPU.Build.0 = Debug|Any CPU
		{D960C7AF-6E5C-4112-BCF3-ED7848B9D97C}.Release|Any CPU.ActiveCfg = Release|Any CPU
		{D960C7AF-6E5C-4112-BCF3-ED7848B9D97C}.Release|Any CPU.Build.0 = Release|Any CPU
<<<<<<< HEAD
		{08175BC2-075F-452B-B9E7-F04BA50D393A}.Debug|Any CPU.ActiveCfg = Debug|Any CPU
		{08175BC2-075F-452B-B9E7-F04BA50D393A}.Debug|Any CPU.Build.0 = Debug|Any CPU
		{08175BC2-075F-452B-B9E7-F04BA50D393A}.Release|Any CPU.ActiveCfg = Release|Any CPU
		{08175BC2-075F-452B-B9E7-F04BA50D393A}.Release|Any CPU.Build.0 = Release|Any CPU
		{EE27FC94-2FA3-4842-9A4C-678B759AE17F}.Debug|Any CPU.ActiveCfg = Debug|Any CPU
		{EE27FC94-2FA3-4842-9A4C-678B759AE17F}.Debug|Any CPU.Build.0 = Debug|Any CPU
		{EE27FC94-2FA3-4842-9A4C-678B759AE17F}.Release|Any CPU.ActiveCfg = Release|Any CPU
		{EE27FC94-2FA3-4842-9A4C-678B759AE17F}.Release|Any CPU.Build.0 = Release|Any CPU
		{E48B24A5-6CAF-4F93-97E2-788704BB86B4}.Debug|Any CPU.ActiveCfg = Debug|Any CPU
		{E48B24A5-6CAF-4F93-97E2-788704BB86B4}.Debug|Any CPU.Build.0 = Debug|Any CPU
		{E48B24A5-6CAF-4F93-97E2-788704BB86B4}.Release|Any CPU.ActiveCfg = Release|Any CPU
		{E48B24A5-6CAF-4F93-97E2-788704BB86B4}.Release|Any CPU.Build.0 = Release|Any CPU
=======
		{24B68DE0-A229-4AF2-B18E-6B05500BB1CE}.Debug|Any CPU.ActiveCfg = Debug|Any CPU
		{24B68DE0-A229-4AF2-B18E-6B05500BB1CE}.Debug|Any CPU.Build.0 = Debug|Any CPU
		{24B68DE0-A229-4AF2-B18E-6B05500BB1CE}.Release|Any CPU.ActiveCfg = Release|Any CPU
		{24B68DE0-A229-4AF2-B18E-6B05500BB1CE}.Release|Any CPU.Build.0 = Release|Any CPU
		{DDC98B5D-CD25-49FE-B089-9E32E81D87EC}.Debug|Any CPU.ActiveCfg = Debug|Any CPU
		{DDC98B5D-CD25-49FE-B089-9E32E81D87EC}.Debug|Any CPU.Build.0 = Debug|Any CPU
		{DDC98B5D-CD25-49FE-B089-9E32E81D87EC}.Release|Any CPU.ActiveCfg = Release|Any CPU
		{DDC98B5D-CD25-49FE-B089-9E32E81D87EC}.Release|Any CPU.Build.0 = Release|Any CPU
		{FE99BBA7-B531-452D-A4EA-1C6D6093F674}.Debug|Any CPU.ActiveCfg = Debug|Any CPU
		{FE99BBA7-B531-452D-A4EA-1C6D6093F674}.Debug|Any CPU.Build.0 = Debug|Any CPU
		{FE99BBA7-B531-452D-A4EA-1C6D6093F674}.Release|Any CPU.ActiveCfg = Release|Any CPU
		{FE99BBA7-B531-452D-A4EA-1C6D6093F674}.Release|Any CPU.Build.0 = Release|Any CPU
>>>>>>> develop
	EndGlobalSection
	GlobalSection(SolutionProperties) = preSolution
		HideSolutionNode = FALSE
	EndGlobalSection
	GlobalSection(NestedProjects) = preSolution
		{D960C7AF-6E5C-4112-BCF3-ED7848B9D97C} = {2753AE3F-0D4E-4C86-8B9F-0A01EA44EA97}
<<<<<<< HEAD
		{08175BC2-075F-452B-B9E7-F04BA50D393A} = {2753AE3F-0D4E-4C86-8B9F-0A01EA44EA97}
		{EE27FC94-2FA3-4842-9A4C-678B759AE17F} = {2753AE3F-0D4E-4C86-8B9F-0A01EA44EA97}
		{E48B24A5-6CAF-4F93-97E2-788704BB86B4} = {4BD3EFDE-F677-40E3-960C-AF2C762BB210}
=======
		{24B68DE0-A229-4AF2-B18E-6B05500BB1CE} = {2753AE3F-0D4E-4C86-8B9F-0A01EA44EA97}
		{DDC98B5D-CD25-49FE-B089-9E32E81D87EC} = {2753AE3F-0D4E-4C86-8B9F-0A01EA44EA97}
		{FE99BBA7-B531-452D-A4EA-1C6D6093F674} = {3ABE7563-4185-4D14-891F-81354441F321}
>>>>>>> develop
	EndGlobalSection
	GlobalSection(ExtensibilityGlobals) = postSolution
		SolutionGuid = {45F49AD9-3D6E-459F-A161-77077E1AA5D7}
	EndGlobalSection
EndGlobal
